Microsoft Visual Studio Solution File, Format Version 12.00
# Visual Studio Version 17
VisualStudioVersion = 17.5.2.0
MinimumVisualStudioVersion = 10.0.40219.1
Project("{FAE04EC0-301F-11D3-BF4B-00C04F79EFBC}") = "p3-movie_platform", "p3-movie_platform.csproj", "{42A7F765-CFA4-3D8C-6DCF-44CD35A30F07}"
EndProject
Global
	GlobalSection(SolutionConfigurationPlatforms) = preSolution
		Debug|Any CPU = Debug|Any CPU
		Release|Any CPU = Release|Any CPU
	EndGlobalSection
	GlobalSection(ProjectConfigurationPlatforms) = postSolution
		{42A7F765-CFA4-3D8C-6DCF-44CD35A30F07}.Debug|Any CPU.ActiveCfg = Debug|Any CPU
		{42A7F765-CFA4-3D8C-6DCF-44CD35A30F07}.Debug|Any CPU.Build.0 = Debug|Any CPU
		{42A7F765-CFA4-3D8C-6DCF-44CD35A30F07}.Release|Any CPU.ActiveCfg = Release|Any CPU
		{42A7F765-CFA4-3D8C-6DCF-44CD35A30F07}.Release|Any CPU.Build.0 = Release|Any CPU
	EndGlobalSection
	GlobalSection(SolutionProperties) = preSolution
		HideSolutionNode = FALSE
	EndGlobalSection
	GlobalSection(ExtensibilityGlobals) = postSolution
		SolutionGuid = {DCECDB19-C7C3-4E75-92DB-CBB0AA54CF79}
	EndGlobalSection
EndGlobal
